// !$*UTF8*$!
{
	archiveVersion = 1;
	classes = {
	};
	objectVersion = 56;
	objects = {

/* Begin PBXBuildFile section */
		B6055FDF2DA33F5D004B5CD3 /* AppDelegate.mm in Sources */ = {isa = PBXBuildFile; fileRef = B6055FDE2DA33F5D004B5CD3 /* AppDelegate.mm */; };
		B6055FE12DA33F5F004B5CD3 /* Assets.xcassets in Resources */ = {isa = PBXBuildFile; fileRef = B6055FE02DA33F5F004B5CD3 /* Assets.xcassets */; };
		B6055FE42DA33F5F004B5CD3 /* Base in Resources */ = {isa = PBXBuildFile; fileRef = B6055FE32DA33F5F004B5CD3 /* Base */; };
		B6055FE62DA33F5F004B5CD3 /* main.mm in Sources */ = {isa = PBXBuildFile; fileRef = B6055FE52DA33F5F004B5CD3 /* main.mm */; };
		B6055FF22DA341B2004B5CD3 /* Cocoa.framework in Frameworks */ = {isa = PBXBuildFile; fileRef = B6055FF12DA341B2004B5CD3 /* Cocoa.framework */; };
		B61D925C2DA6A0BC00E8CA0F /* AVKit.framework in Frameworks */ = {isa = PBXBuildFile; fileRef = B61D925B2DA6A0BC00E8CA0F /* AVKit.framework */; };
		B65FD9252DA51D32003D8FE8 /* SelectFolderHelper.mm in Sources */ = {isa = PBXBuildFile; fileRef = B65FD9232DA51D32003D8FE8 /* SelectFolderHelper.mm */; };
		B67504D32DA5441F0004FFC7 /* SupportedFileTypes.mm in Sources */ = {isa = PBXBuildFile; fileRef = B67504D12DA5441F0004FFC7 /* SupportedFileTypes.mm */; };
		B67504D42DA5441F0004FFC7 /* EnumerateFilesHelper.mm in Sources */ = {isa = PBXBuildFile; fileRef = B67504D22DA5441F0004FFC7 /* EnumerateFilesHelper.mm */; };
		B67504D52DA56D9C0004FFC7 /* AVFoundation.framework in Frameworks */ = {isa = PBXBuildFile; fileRef = B6055FF32DA341B2004B5CD3 /* AVFoundation.framework */; };
		B67504D72DA56E980004FFC7 /* CoreMedia.framework in Frameworks */ = {isa = PBXBuildFile; fileRef = B67504D62DA56E980004FFC7 /* CoreMedia.framework */; };
		B67504DA2DA574E40004FFC7 /* DemonstrationManager.mm in Sources */ = {isa = PBXBuildFile; fileRef = B67504D92DA574E40004FFC7 /* DemonstrationManager.mm */; };
		B67504DD2DA575710004FFC7 /* DemonstrationWindowController.mm in Sources */ = {isa = PBXBuildFile; fileRef = B67504DC2DA575710004FFC7 /* DemonstrationWindowController.mm */; };
		B67504E02DA5764D0004FFC7 /* DemonstrationWindow.xib in Resources */ = {isa = PBXBuildFile; fileRef = B67504DE2DA5764D0004FFC7 /* DemonstrationWindow.xib */; };
		B6922FF12DA5C90600F5769D /* LocalizationManager.mm in Sources */ = {isa = PBXBuildFile; fileRef = B6922FEF2DA5C90600F5769D /* LocalizationManager.mm */; };
		B69230002DA5D0E100F5769D /* Localizable.xcstrings in Resources */ = {isa = PBXBuildFile; fileRef = B6922FFE2DA5D0E100F5769D /* Localizable.xcstrings */; };
		B6E280202DA517BD00483567 /* SettingsManager.mm in Sources */ = {isa = PBXBuildFile; fileRef = B6E2801F2DA517BD00483567 /* SettingsManager.mm */; };
		B6FAE4B92DA461C50008453C /* OperatorWindowController.mm in Sources */ = {isa = PBXBuildFile; fileRef = B6FAE4B52DA461C50008453C /* OperatorWindowController.mm */; };
		B6FAE4BA2DA461C50008453C /* MediaTableCellView.mm in Sources */ = {isa = PBXBuildFile; fileRef = B6FAE4B72DA461C50008453C /* MediaTableCellView.mm */; };
		B6FAE4C62DA50FD10008453C /* OperatorWindow.xib in Resources */ = {isa = PBXBuildFile; fileRef = B6FAE4C42DA50FD00008453C /* OperatorWindow.xib */; };
/* End PBXBuildFile section */

/* Begin PBXFileReference section */
		B6055FDA2DA33F5D004B5CD3 /* OnlyM-ac.app */ = {isa = PBXFileReference; explicitFileType = wrapper.application; includeInIndex = 0; path = "OnlyM-ac.app"; sourceTree = BUILT_PRODUCTS_DIR; };
		B6055FDD2DA33F5D004B5CD3 /* AppDelegate.h */ = {isa = PBXFileReference; lastKnownFileType = sourcecode.c.h; path = AppDelegate.h; sourceTree = "<group>"; };
		B6055FDE2DA33F5D004B5CD3 /* AppDelegate.mm */ = {isa = PBXFileReference; lastKnownFileType = sourcecode.cpp.objcpp; path = AppDelegate.mm; sourceTree = "<group>"; };
		B6055FE02DA33F5F004B5CD3 /* Assets.xcassets */ = {isa = PBXFileReference; lastKnownFileType = folder.assetcatalog; path = Assets.xcassets; sourceTree = "<group>"; };
		B6055FE32DA33F5F004B5CD3 /* Base */ = {isa = PBXFileReference; lastKnownFileType = file.xib; name = Base; path = Base.lproj/MainMenu.xib; sourceTree = "<group>"; };
		B6055FE52DA33F5F004B5CD3 /* main.mm */ = {isa = PBXFileReference; lastKnownFileType = sourcecode.cpp.objcpp; path = main.mm; sourceTree = "<group>"; };
		B6055FE72DA33F5F004B5CD3 /* OnlyM_ac.entitlements */ = {isa = PBXFileReference; lastKnownFileType = text.plist.entitlements; path = OnlyM_ac.entitlements; sourceTree = "<group>"; };
		B6055FF12DA341B2004B5CD3 /* Cocoa.framework */ = {isa = PBXFileReference; lastKnownFileType = wrapper.framework; name = Cocoa.framework; path = System/Library/Frameworks/Cocoa.framework; sourceTree = SDKROOT; };
		B6055FF32DA341B2004B5CD3 /* AVFoundation.framework */ = {isa = PBXFileReference; lastKnownFileType = wrapper.framework; name = AVFoundation.framework; path = System/Library/Frameworks/AVFoundation.framework; sourceTree = SDKROOT; };
		B61D925B2DA6A0BC00E8CA0F /* AVKit.framework */ = {isa = PBXFileReference; lastKnownFileType = wrapper.framework; name = AVKit.framework; path = System/Library/Frameworks/AVKit.framework; sourceTree = SDKROOT; };
		B65FD9222DA51D32003D8FE8 /* SelectFolderHelper.h */ = {isa = PBXFileReference; fileEncoding = 4; lastKnownFileType = sourcecode.c.h; path = SelectFolderHelper.h; sourceTree = "<group>"; };
		B65FD9232DA51D32003D8FE8 /* SelectFolderHelper.mm */ = {isa = PBXFileReference; fileEncoding = 4; lastKnownFileType = sourcecode.cpp.objcpp; path = SelectFolderHelper.mm; sourceTree = "<group>"; };
		B67504CF2DA5441F0004FFC7 /* SupportedFileTypes.h */ = {isa = PBXFileReference; fileEncoding = 4; lastKnownFileType = sourcecode.c.h; path = SupportedFileTypes.h; sourceTree = "<group>"; };
		B67504D02DA5441F0004FFC7 /* EnumerateFilesHelper.h */ = {isa = PBXFileReference; fileEncoding = 4; lastKnownFileType = sourcecode.c.h; path = EnumerateFilesHelper.h; sourceTree = "<group>"; };
		B67504D12DA5441F0004FFC7 /* SupportedFileTypes.mm */ = {isa = PBXFileReference; fileEncoding = 4; lastKnownFileType = sourcecode.cpp.objcpp; path = SupportedFileTypes.mm; sourceTree = "<group>"; };
		B67504D22DA5441F0004FFC7 /* EnumerateFilesHelper.mm */ = {isa = PBXFileReference; fileEncoding = 4; lastKnownFileType = sourcecode.cpp.objcpp; path = EnumerateFilesHelper.mm; sourceTree = "<group>"; };
		B67504D62DA56E980004FFC7 /* CoreMedia.framework */ = {isa = PBXFileReference; lastKnownFileType = wrapper.framework; name = CoreMedia.framework; path = System/Library/Frameworks/CoreMedia.framework; sourceTree = SDKROOT; };
		B67504D82DA574E40004FFC7 /* DemonstrationManager.h */ = {isa = PBXFileReference; lastKnownFileType = sourcecode.c.h; path = DemonstrationManager.h; sourceTree = "<group>"; };
		B67504D92DA574E40004FFC7 /* DemonstrationManager.mm */ = {isa = PBXFileReference; lastKnownFileType = sourcecode.cpp.objcpp; path = DemonstrationManager.mm; sourceTree = "<group>"; };
		B67504DB2DA575710004FFC7 /* DemonstrationWindowController.h */ = {isa = PBXFileReference; lastKnownFileType = sourcecode.c.h; path = DemonstrationWindowController.h; sourceTree = "<group>"; };
		B67504DC2DA575710004FFC7 /* DemonstrationWindowController.mm */ = {isa = PBXFileReference; lastKnownFileType = sourcecode.cpp.objcpp; path = DemonstrationWindowController.mm; sourceTree = "<group>"; };
		B67504DF2DA5764D0004FFC7 /* Base */ = {isa = PBXFileReference; lastKnownFileType = file.xib; name = Base; path = Base.lproj/DemonstrationWindow.xib; sourceTree = "<group>"; };
		B6922FEF2DA5C90600F5769D /* LocalizationManager.mm */ = {isa = PBXFileReference; fileEncoding = 4; lastKnownFileType = sourcecode.cpp.objcpp; path = LocalizationManager.mm; sourceTree = "<group>"; };
		B6922FF02DA5C90600F5769D /* LocalizationManager.h */ = {isa = PBXFileReference; fileEncoding = 4; lastKnownFileType = sourcecode.c.h; path = LocalizationManager.h; sourceTree = "<group>"; };
		B69230042DA5D1C400F5769D /* Base */ = {isa = PBXFileReference; lastKnownFileType = text.json.xcstrings; name = Base; path = Base.lproj/Localizable.xcstrings; sourceTree = "<group>"; };
		B6E2801E2DA517BD00483567 /* SettingsManager.h */ = {isa = PBXFileReference; fileEncoding = 4; lastKnownFileType = sourcecode.c.h; path = SettingsManager.h; sourceTree = "<group>"; };
		B6E2801F2DA517BD00483567 /* SettingsManager.mm */ = {isa = PBXFileReference; fileEncoding = 4; lastKnownFileType = sourcecode.cpp.objcpp; path = SettingsManager.mm; sourceTree = "<group>"; };
		B6FAE4B42DA461C50008453C /* OperatorWindowController.h */ = {isa = PBXFileReference; fileEncoding = 4; lastKnownFileType = sourcecode.c.h; path = OperatorWindowController.h; sourceTree = "<group>"; };
		B6FAE4B52DA461C50008453C /* OperatorWindowController.mm */ = {isa = PBXFileReference; fileEncoding = 4; lastKnownFileType = sourcecode.cpp.objcpp; path = OperatorWindowController.mm; sourceTree = "<group>"; };
		B6FAE4B62DA461C50008453C /* MediaTableCellView.h */ = {isa = PBXFileReference; fileEncoding = 4; lastKnownFileType = sourcecode.c.h; path = MediaTableCellView.h; sourceTree = "<group>"; };
		B6FAE4B72DA461C50008453C /* MediaTableCellView.mm */ = {isa = PBXFileReference; fileEncoding = 4; lastKnownFileType = sourcecode.cpp.objcpp; path = MediaTableCellView.mm; sourceTree = "<group>"; };
		B6FAE4C52DA50FD00008453C /* Base */ = {isa = PBXFileReference; lastKnownFileType = file.xib; name = Base; path = Base.lproj/OperatorWindow.xib; sourceTree = "<group>"; };
/* End PBXFileReference section */

/* Begin PBXFrameworksBuildPhase section */
		B6055FD72DA33F5D004B5CD3 /* Frameworks */ = {
			isa = PBXFrameworksBuildPhase;
			buildActionMask = 2147483647;
			files = (
				B61D925C2DA6A0BC00E8CA0F /* AVKit.framework in Frameworks */,
				B67504D72DA56E980004FFC7 /* CoreMedia.framework in Frameworks */,
				B67504D52DA56D9C0004FFC7 /* AVFoundation.framework in Frameworks */,
				B6055FF22DA341B2004B5CD3 /* Cocoa.framework in Frameworks */,
			);
			runOnlyForDeploymentPostprocessing = 0;
		};
/* End PBXFrameworksBuildPhase section */

/* Begin PBXGroup section */
		B6055FD12DA33F5D004B5CD3 = {
			isa = PBXGroup;
			children = (
				B6055FEE2DA33FB6004B5CD3 /* res */,
				B6055FED2DA33F8C004B5CD3 /* src */,
				B6055FDB2DA33F5D004B5CD3 /* Products */,
				B6055FF02DA341B2004B5CD3 /* Frameworks */,
			);
			sourceTree = "<group>";
		};
		B6055FDB2DA33F5D004B5CD3 /* Products */ = {
			isa = PBXGroup;
			children = (
				B6055FDA2DA33F5D004B5CD3 /* OnlyM-ac.app */,
			);
			name = Products;
			sourceTree = "<group>";
		};
		B6055FED2DA33F8C004B5CD3 /* src */ = {
			isa = PBXGroup;
			children = (
				B65FD9242DA51D32003D8FE8 /* Filesystem */,
				B6FAE4B82DA461C50008453C /* UI */,
				B6055FE52DA33F5F004B5CD3 /* main.mm */,
				B6055FDD2DA33F5D004B5CD3 /* AppDelegate.h */,
				B6055FDE2DA33F5D004B5CD3 /* AppDelegate.mm */,
				B6E2801E2DA517BD00483567 /* SettingsManager.h */,
				B6E2801F2DA517BD00483567 /* SettingsManager.mm */,
				B67504D82DA574E40004FFC7 /* DemonstrationManager.h */,
				B67504D92DA574E40004FFC7 /* DemonstrationManager.mm */,
				B6922FF02DA5C90600F5769D /* LocalizationManager.h */,
				B6922FEF2DA5C90600F5769D /* LocalizationManager.mm */,
			);
			path = src;
			sourceTree = "<group>";
		};
		B6055FEE2DA33FB6004B5CD3 /* res */ = {
			isa = PBXGroup;
			children = (
				B6055FE02DA33F5F004B5CD3 /* Assets.xcassets */,
				B6055FE22DA33F5F004B5CD3 /* MainMenu.xib */,
				B6055FE72DA33F5F004B5CD3 /* OnlyM_ac.entitlements */,
				B6FAE4C42DA50FD00008453C /* OperatorWindow.xib */,
				B67504DE2DA5764D0004FFC7 /* DemonstrationWindow.xib */,
				B6922FFE2DA5D0E100F5769D /* Localizable.xcstrings */,
			);
			path = res;
			sourceTree = "<group>";
		};
		B6055FF02DA341B2004B5CD3 /* Frameworks */ = {
			isa = PBXGroup;
			children = (
				B61D925B2DA6A0BC00E8CA0F /* AVKit.framework */,
				B67504D62DA56E980004FFC7 /* CoreMedia.framework */,
				B6055FF12DA341B2004B5CD3 /* Cocoa.framework */,
				B6055FF32DA341B2004B5CD3 /* AVFoundation.framework */,
			);
			name = Frameworks;
			sourceTree = "<group>";
		};
		B65FD9242DA51D32003D8FE8 /* Filesystem */ = {
			isa = PBXGroup;
			children = (
				B67504D02DA5441F0004FFC7 /* EnumerateFilesHelper.h */,
				B67504D22DA5441F0004FFC7 /* EnumerateFilesHelper.mm */,
				B67504CF2DA5441F0004FFC7 /* SupportedFileTypes.h */,
				B67504D12DA5441F0004FFC7 /* SupportedFileTypes.mm */,
				B65FD9222DA51D32003D8FE8 /* SelectFolderHelper.h */,
				B65FD9232DA51D32003D8FE8 /* SelectFolderHelper.mm */,
			);
			path = Filesystem;
			sourceTree = "<group>";
		};
		B6FAE4B82DA461C50008453C /* UI */ = {
			isa = PBXGroup;
			children = (
				B6FAE4B42DA461C50008453C /* OperatorWindowController.h */,
				B6FAE4B52DA461C50008453C /* OperatorWindowController.mm */,
				B6FAE4B62DA461C50008453C /* MediaTableCellView.h */,
				B6FAE4B72DA461C50008453C /* MediaTableCellView.mm */,
				B67504DB2DA575710004FFC7 /* DemonstrationWindowController.h */,
				B67504DC2DA575710004FFC7 /* DemonstrationWindowController.mm */,
			);
			path = UI;
			sourceTree = "<group>";
		};
/* End PBXGroup section */

/* Begin PBXNativeTarget section */
		B6055FD92DA33F5D004B5CD3 /* OnlyM-ac */ = {
			isa = PBXNativeTarget;
			buildConfigurationList = B6055FEA2DA33F5F004B5CD3 /* Build configuration list for PBXNativeTarget "OnlyM-ac" */;
			buildPhases = (
				B6055FD62DA33F5D004B5CD3 /* Sources */,
				B6055FD72DA33F5D004B5CD3 /* Frameworks */,
				B6055FD82DA33F5D004B5CD3 /* Resources */,
			);
			buildRules = (
			);
			dependencies = (
			);
			name = "OnlyM-ac";
			productName = "OnlyM-ac";
			productReference = B6055FDA2DA33F5D004B5CD3 /* OnlyM-ac.app */;
			productType = "com.apple.product-type.application";
		};
/* End PBXNativeTarget section */

/* Begin PBXProject section */
		B6055FD22DA33F5D004B5CD3 /* Project object */ = {
			isa = PBXProject;
			attributes = {
				BuildIndependentTargetsInParallel = 1;
				LastUpgradeCheck = 1540;
				TargetAttributes = {
					B6055FD92DA33F5D004B5CD3 = {
						CreatedOnToolsVersion = 15.4;
					};
				};
			};
			buildConfigurationList = B6055FD52DA33F5D004B5CD3 /* Build configuration list for PBXProject "OnlyM-ac" */;
			compatibilityVersion = "Xcode 14.0";
			developmentRegion = en;
			hasScannedForEncodings = 0;
			knownRegions = (
				en,
				Base,
				ru,
			);
			mainGroup = B6055FD12DA33F5D004B5CD3;
			productRefGroup = B6055FDB2DA33F5D004B5CD3 /* Products */;
			projectDirPath = "";
			projectRoot = "";
			targets = (
				B6055FD92DA33F5D004B5CD3 /* OnlyM-ac */,
			);
		};
/* End PBXProject section */

/* Begin PBXResourcesBuildPhase section */
		B6055FD82DA33F5D004B5CD3 /* Resources */ = {
			isa = PBXResourcesBuildPhase;
			buildActionMask = 2147483647;
			files = (
				B6FAE4C62DA50FD10008453C /* OperatorWindow.xib in Resources */,
				B69230002DA5D0E100F5769D /* Localizable.xcstrings in Resources */,
				B6055FE12DA33F5F004B5CD3 /* Assets.xcassets in Resources */,
				B6055FE42DA33F5F004B5CD3 /* Base in Resources */,
				B67504E02DA5764D0004FFC7 /* DemonstrationWindow.xib in Resources */,
			);
			runOnlyForDeploymentPostprocessing = 0;
		};
/* End PBXResourcesBuildPhase section */

/* Begin PBXSourcesBuildPhase section */
		B6055FD62DA33F5D004B5CD3 /* Sources */ = {
			isa = PBXSourcesBuildPhase;
			buildActionMask = 2147483647;
			files = (
				B67504D42DA5441F0004FFC7 /* EnumerateFilesHelper.mm in Sources */,
				B67504D32DA5441F0004FFC7 /* SupportedFileTypes.mm in Sources */,
				B6FAE4BA2DA461C50008453C /* MediaTableCellView.mm in Sources */,
				B6E280202DA517BD00483567 /* SettingsManager.mm in Sources */,
				B6FAE4B92DA461C50008453C /* OperatorWindowController.mm in Sources */,
				B6922FF12DA5C90600F5769D /* LocalizationManager.mm in Sources */,
				B65FD9252DA51D32003D8FE8 /* SelectFolderHelper.mm in Sources */,
				B67504DD2DA575710004FFC7 /* DemonstrationWindowController.mm in Sources */,
				B67504DA2DA574E40004FFC7 /* DemonstrationManager.mm in Sources */,
				B6055FE62DA33F5F004B5CD3 /* main.mm in Sources */,
				B6055FDF2DA33F5D004B5CD3 /* AppDelegate.mm in Sources */,
			);
			runOnlyForDeploymentPostprocessing = 0;
		};
/* End PBXSourcesBuildPhase section */

/* Begin PBXVariantGroup section */
		B6055FE22DA33F5F004B5CD3 /* MainMenu.xib */ = {
			isa = PBXVariantGroup;
			children = (
				B6055FE32DA33F5F004B5CD3 /* Base */,
			);
			name = MainMenu.xib;
			sourceTree = "<group>";
		};
		B67504DE2DA5764D0004FFC7 /* DemonstrationWindow.xib */ = {
			isa = PBXVariantGroup;
			children = (
				B67504DF2DA5764D0004FFC7 /* Base */,
			);
			name = DemonstrationWindow.xib;
			sourceTree = "<group>";
		};
		B6922FFE2DA5D0E100F5769D /* Localizable.xcstrings */ = {
			isa = PBXVariantGroup;
			children = (
				B69230042DA5D1C400F5769D /* Base */,
			);
			name = Localizable.xcstrings;
			sourceTree = "<group>";
		};
		B6FAE4C42DA50FD00008453C /* OperatorWindow.xib */ = {
			isa = PBXVariantGroup;
			children = (
				B6FAE4C52DA50FD00008453C /* Base */,
			);
			name = OperatorWindow.xib;
			sourceTree = "<group>";
		};
/* End PBXVariantGroup section */

/* Begin XCBuildConfiguration section */
		B6055FE82DA33F5F004B5CD3 /* Debug */ = {
			isa = XCBuildConfiguration;
			buildSettings = {
				ALWAYS_SEARCH_USER_PATHS = NO;
				ASSETCATALOG_COMPILER_GENERATE_SWIFT_ASSET_SYMBOL_EXTENSIONS = YES;
				CLANG_ANALYZER_NONNULL = YES;
				CLANG_ANALYZER_NUMBER_OBJECT_CONVERSION = YES_AGGRESSIVE;
				CLANG_CXX_LANGUAGE_STANDARD = "gnu++20";
				CLANG_ENABLE_MODULES = YES;
				CLANG_ENABLE_OBJC_ARC = YES;
				CLANG_ENABLE_OBJC_WEAK = YES;
				CLANG_WARN_BLOCK_CAPTURE_AUTORELEASING = YES;
				CLANG_WARN_BOOL_CONVERSION = YES;
				CLANG_WARN_COMMA = YES;
				CLANG_WARN_CONSTANT_CONVERSION = YES;
				CLANG_WARN_DEPRECATED_OBJC_IMPLEMENTATIONS = YES;
				CLANG_WARN_DIRECT_OBJC_ISA_USAGE = YES_ERROR;
				CLANG_WARN_DOCUMENTATION_COMMENTS = YES;
				CLANG_WARN_EMPTY_BODY = YES;
				CLANG_WARN_ENUM_CONVERSION = YES;
				CLANG_WARN_INFINITE_RECURSION = YES;
				CLANG_WARN_INT_CONVERSION = YES;
				CLANG_WARN_NON_LITERAL_NULL_CONVERSION = YES;
				CLANG_WARN_OBJC_IMPLICIT_RETAIN_SELF = YES;
				CLANG_WARN_OBJC_LITERAL_CONVERSION = YES;
				CLANG_WARN_OBJC_ROOT_CLASS = YES_ERROR;
				CLANG_WARN_QUOTED_INCLUDE_IN_FRAMEWORK_HEADER = YES;
				CLANG_WARN_RANGE_LOOP_ANALYSIS = YES;
				CLANG_WARN_STRICT_PROTOTYPES = YES;
				CLANG_WARN_SUSPICIOUS_MOVE = YES;
				CLANG_WARN_UNGUARDED_AVAILABILITY = YES_AGGRESSIVE;
				CLANG_WARN_UNREACHABLE_CODE = YES;
				CLANG_WARN__DUPLICATE_METHOD_MATCH = YES;
				COPY_PHASE_STRIP = NO;
				DEBUG_INFORMATION_FORMAT = dwarf;
				ENABLE_STRICT_OBJC_MSGSEND = YES;
				ENABLE_TESTABILITY = YES;
				ENABLE_USER_SCRIPT_SANDBOXING = YES;
				GCC_C_LANGUAGE_STANDARD = gnu17;
				GCC_DYNAMIC_NO_PIC = NO;
				GCC_NO_COMMON_BLOCKS = YES;
				GCC_OPTIMIZATION_LEVEL = 0;
				GCC_PREPROCESSOR_DEFINITIONS = (
					"DEBUG=1",
					"$(inherited)",
				);
				GCC_WARN_64_TO_32_BIT_CONVERSION = YES;
				GCC_WARN_ABOUT_RETURN_TYPE = YES_ERROR;
				GCC_WARN_UNDECLARED_SELECTOR = YES;
				GCC_WARN_UNINITIALIZED_AUTOS = YES_AGGRESSIVE;
				GCC_WARN_UNUSED_FUNCTION = YES;
				GCC_WARN_UNUSED_VARIABLE = YES;
				LOCALIZATION_PREFERS_STRING_CATALOGS = YES;
				MACOSX_DEPLOYMENT_TARGET = 14.5;
				MTL_ENABLE_DEBUG_INFO = INCLUDE_SOURCE;
				MTL_FAST_MATH = YES;
				ONLY_ACTIVE_ARCH = YES;
				SDKROOT = macosx;
			};
			name = Debug;
		};
		B6055FE92DA33F5F004B5CD3 /* Release */ = {
			isa = XCBuildConfiguration;
			buildSettings = {
				ALWAYS_SEARCH_USER_PATHS = NO;
				ASSETCATALOG_COMPILER_GENERATE_SWIFT_ASSET_SYMBOL_EXTENSIONS = YES;
				CLANG_ANALYZER_NONNULL = YES;
				CLANG_ANALYZER_NUMBER_OBJECT_CONVERSION = YES_AGGRESSIVE;
				CLANG_CXX_LANGUAGE_STANDARD = "gnu++20";
				CLANG_ENABLE_MODULES = YES;
				CLANG_ENABLE_OBJC_ARC = YES;
				CLANG_ENABLE_OBJC_WEAK = YES;
				CLANG_WARN_BLOCK_CAPTURE_AUTORELEASING = YES;
				CLANG_WARN_BOOL_CONVERSION = YES;
				CLANG_WARN_COMMA = YES;
				CLANG_WARN_CONSTANT_CONVERSION = YES;
				CLANG_WARN_DEPRECATED_OBJC_IMPLEMENTATIONS = YES;
				CLANG_WARN_DIRECT_OBJC_ISA_USAGE = YES_ERROR;
				CLANG_WARN_DOCUMENTATION_COMMENTS = YES;
				CLANG_WARN_EMPTY_BODY = YES;
				CLANG_WARN_ENUM_CONVERSION = YES;
				CLANG_WARN_INFINITE_RECURSION = YES;
				CLANG_WARN_INT_CONVERSION = YES;
				CLANG_WARN_NON_LITERAL_NULL_CONVERSION = YES;
				CLANG_WARN_OBJC_IMPLICIT_RETAIN_SELF = YES;
				CLANG_WARN_OBJC_LITERAL_CONVERSION = YES;
				CLANG_WARN_OBJC_ROOT_CLASS = YES_ERROR;
				CLANG_WARN_QUOTED_INCLUDE_IN_FRAMEWORK_HEADER = YES;
				CLANG_WARN_RANGE_LOOP_ANALYSIS = YES;
				CLANG_WARN_STRICT_PROTOTYPES = YES;
				CLANG_WARN_SUSPICIOUS_MOVE = YES;
				CLANG_WARN_UNGUARDED_AVAILABILITY = YES_AGGRESSIVE;
				CLANG_WARN_UNREACHABLE_CODE = YES;
				CLANG_WARN__DUPLICATE_METHOD_MATCH = YES;
				COPY_PHASE_STRIP = NO;
				DEBUG_INFORMATION_FORMAT = "dwarf-with-dsym";
				ENABLE_NS_ASSERTIONS = NO;
				ENABLE_STRICT_OBJC_MSGSEND = YES;
				ENABLE_USER_SCRIPT_SANDBOXING = YES;
				GCC_C_LANGUAGE_STANDARD = gnu17;
				GCC_NO_COMMON_BLOCKS = YES;
				GCC_WARN_64_TO_32_BIT_CONVERSION = YES;
				GCC_WARN_ABOUT_RETURN_TYPE = YES_ERROR;
				GCC_WARN_UNDECLARED_SELECTOR = YES;
				GCC_WARN_UNINITIALIZED_AUTOS = YES_AGGRESSIVE;
				GCC_WARN_UNUSED_FUNCTION = YES;
				GCC_WARN_UNUSED_VARIABLE = YES;
				LOCALIZATION_PREFERS_STRING_CATALOGS = YES;
				MACOSX_DEPLOYMENT_TARGET = 14.5;
				MTL_ENABLE_DEBUG_INFO = NO;
				MTL_FAST_MATH = YES;
				SDKROOT = macosx;
			};
			name = Release;
		};
		B6055FEB2DA33F5F004B5CD3 /* Debug */ = {
			isa = XCBuildConfiguration;
			buildSettings = {
				ASSETCATALOG_COMPILER_APPICON_NAME = AppIcon;
				ASSETCATALOG_COMPILER_GLOBAL_ACCENT_COLOR_NAME = AccentColor;
				CODE_SIGN_ENTITLEMENTS = res/OnlyM_ac.entitlements;
				"CODE_SIGN_IDENTITY[sdk=macosx*]" = "-";
				CODE_SIGN_STYLE = Automatic;
				COMBINE_HIDPI_IMAGES = YES;
				CURRENT_PROJECT_VERSION = 2;
				GENERATE_INFOPLIST_FILE = YES;
				INFOPLIST_KEY_CFBundleDisplayName = "OnlyM(ac)";
				INFOPLIST_KEY_LSApplicationCategoryType = "public.app-category.productivity";
				INFOPLIST_KEY_NSHumanReadableCopyright = "";
				INFOPLIST_KEY_NSMainNibFile = MainMenu;
				INFOPLIST_KEY_NSPrincipalClass = NSApplication;
				LD_RUNPATH_SEARCH_PATHS = (
					"$(inherited)",
					"@executable_path/../Frameworks",
				);
				MACOSX_DEPLOYMENT_TARGET = 11.0;
				MARKETING_VERSION = 1.0.1;
				PRODUCT_BUNDLE_IDENTIFIER = "com.smartcat.OnlyM-ac";
				PRODUCT_NAME = "$(TARGET_NAME)";
				SWIFT_EMIT_LOC_STRINGS = YES;
			};
			name = Debug;
		};
		B6055FEC2DA33F5F004B5CD3 /* Release */ = {
			isa = XCBuildConfiguration;
			buildSettings = {
				ASSETCATALOG_COMPILER_APPICON_NAME = AppIcon;
				ASSETCATALOG_COMPILER_GLOBAL_ACCENT_COLOR_NAME = AccentColor;
				CODE_SIGN_ENTITLEMENTS = res/OnlyM_ac.entitlements;
				"CODE_SIGN_IDENTITY[sdk=macosx*]" = "-";
				CODE_SIGN_STYLE = Automatic;
				COMBINE_HIDPI_IMAGES = YES;
				CURRENT_PROJECT_VERSION = 2;
				GENERATE_INFOPLIST_FILE = YES;
				INFOPLIST_KEY_CFBundleDisplayName = "OnlyM(ac)";
				INFOPLIST_KEY_LSApplicationCategoryType = "public.app-category.productivity";
				INFOPLIST_KEY_NSHumanReadableCopyright = "";
				INFOPLIST_KEY_NSMainNibFile = MainMenu;
				INFOPLIST_KEY_NSPrincipalClass = NSApplication;
				LD_RUNPATH_SEARCH_PATHS = (
					"$(inherited)",
					"@executable_path/../Frameworks",
				);
				MACOSX_DEPLOYMENT_TARGET = 11.0;
				MARKETING_VERSION = 1.0.1;
				PRODUCT_BUNDLE_IDENTIFIER = "com.smartcat.OnlyM-ac";
				PRODUCT_NAME = "$(TARGET_NAME)";
				SWIFT_EMIT_LOC_STRINGS = YES;
			};
			name = Release;
		};
/* End XCBuildConfiguration section */

/* Begin XCConfigurationList section */
		B6055FD52DA33F5D004B5CD3 /* Build configuration list for PBXProject "OnlyM-ac" */ = {
			isa = XCConfigurationList;
			buildConfigurations = (
				B6055FE82DA33F5F004B5CD3 /* Debug */,
				B6055FE92DA33F5F004B5CD3 /* Release */,
			);
			defaultConfigurationIsVisible = 0;
			defaultConfigurationName = Release;
		};
		B6055FEA2DA33F5F004B5CD3 /* Build configuration list for PBXNativeTarget "OnlyM-ac" */ = {
			isa = XCConfigurationList;
			buildConfigurations = (
				B6055FEB2DA33F5F004B5CD3 /* Debug */,
				B6055FEC2DA33F5F004B5CD3 /* Release */,
			);
			defaultConfigurationIsVisible = 0;
			defaultConfigurationName = Release;
		};
/* End XCConfigurationList section */
	};
	rootObject = B6055FD22DA33F5D004B5CD3 /* Project object */;
}
